
Microsoft Visual Studio Solution File, Format Version 12.00
# Visual Studio 15
VisualStudioVersion = 15.0.28307.572
MinimumVisualStudioVersion = 10.0.40219.1
Project("{9A19103F-16F7-4668-BE54-9A1E7A4F7556}") = "FundooApi", "FundooApi\FundooApi.csproj", "{361A6B59-F372-4C95-B229-38FD0D92BC8D}"
EndProject
Project("{9A19103F-16F7-4668-BE54-9A1E7A4F7556}") = "BussinessLayer", "BussinessLayer\BussinessLayer.csproj", "{9E61FC8A-A347-4B32-A94B-4D60D408B634}"
EndProject
Project("{9A19103F-16F7-4668-BE54-9A1E7A4F7556}") = "Common", "Common\Common.csproj", "{693194AE-ABA6-4BB3-9D79-BA8D63DBCF2E}"
EndProject
Project("{9A19103F-16F7-4668-BE54-9A1E7A4F7556}") = "RepositoryLayer", "RepositoryLayer\RepositoryLayer.csproj", "{B25664F6-0A61-4096-8E5E-B6E17A5FF5CE}"
EndProject
Project("{FAE04EC0-301F-11D3-BF4B-00C04F79EFBC}") = "fundooTest", "fundooTest\fundooTest.csproj", "{89BCF957-7322-4534-B8CE-D3490DEBBA34}"
EndProject
Global
	GlobalSection(SolutionConfigurationPlatforms) = preSolution
		Debug|Any CPU = Debug|Any CPU
		Release|Any CPU = Release|Any CPU
	EndGlobalSection
	GlobalSection(ProjectConfigurationPlatforms) = postSolution
		{361A6B59-F372-4C95-B229-38FD0D92BC8D}.Debug|Any CPU.ActiveCfg = Debug|Any CPU
		{361A6B59-F372-4C95-B229-38FD0D92BC8D}.Debug|Any CPU.Build.0 = Debug|Any CPU
		{361A6B59-F372-4C95-B229-38FD0D92BC8D}.Release|Any CPU.ActiveCfg = Release|Any CPU
		{361A6B59-F372-4C95-B229-38FD0D92BC8D}.Release|Any CPU.Build.0 = Release|Any CPU
		{9E61FC8A-A347-4B32-A94B-4D60D408B634}.Debug|Any CPU.ActiveCfg = Debug|Any CPU
		{9E61FC8A-A347-4B32-A94B-4D60D408B634}.Debug|Any CPU.Build.0 = Debug|Any CPU
		{9E61FC8A-A347-4B32-A94B-4D60D408B634}.Release|Any CPU.ActiveCfg = Release|Any CPU
		{9E61FC8A-A347-4B32-A94B-4D60D408B634}.Release|Any CPU.Build.0 = Release|Any CPU
		{693194AE-ABA6-4BB3-9D79-BA8D63DBCF2E}.Debug|Any CPU.ActiveCfg = Debug|Any CPU
		{693194AE-ABA6-4BB3-9D79-BA8D63DBCF2E}.Debug|Any CPU.Build.0 = Debug|Any CPU
		{693194AE-ABA6-4BB3-9D79-BA8D63DBCF2E}.Release|Any CPU.ActiveCfg = Release|Any CPU
		{693194AE-ABA6-4BB3-9D79-BA8D63DBCF2E}.Release|Any CPU.Build.0 = Release|Any CPU
		{B25664F6-0A61-4096-8E5E-B6E17A5FF5CE}.Debug|Any CPU.ActiveCfg = Debug|Any CPU
		{B25664F6-0A61-4096-8E5E-B6E17A5FF5CE}.Debug|Any CPU.Build.0 = Debug|Any CPU
		{B25664F6-0A61-4096-8E5E-B6E17A5FF5CE}.Release|Any CPU.ActiveCfg = Release|Any CPU
		{B25664F6-0A61-4096-8E5E-B6E17A5FF5CE}.Release|Any CPU.Build.0 = Release|Any CPU
		{89BCF957-7322-4534-B8CE-D3490DEBBA34}.Debug|Any CPU.ActiveCfg = Debug|Any CPU
		{89BCF957-7322-4534-B8CE-D3490DEBBA34}.Debug|Any CPU.Build.0 = Debug|Any CPU
		{89BCF957-7322-4534-B8CE-D3490DEBBA34}.Release|Any CPU.ActiveCfg = Release|Any CPU
		{89BCF957-7322-4534-B8CE-D3490DEBBA34}.Release|Any CPU.Build.0 = Release|Any CPU
	EndGlobalSection
	GlobalSection(SolutionProperties) = preSolution
		HideSolutionNode = FALSE
	EndGlobalSection
	GlobalSection(ExtensibilityGlobals) = postSolution
		SolutionGuid = {34C65612-15B2-4C84-ABA3-15B3EC21DE8F}
	EndGlobalSection
EndGlobal
